
Microsoft Visual Studio Solution File, Format Version 12.00
# Visual Studio 14
VisualStudioVersion = 14.0.25420.1
MinimumVisualStudioVersion = 10.0.40219.1
Project("{FAE04EC0-301F-11D3-BF4B-00C04F79EFBC}") = "RatingApp", "RatingApp\RatingApp.csproj", "{085D89C7-84CB-45E4-AFA0-8475EACCC5B4}"
EndProject
Project("{D954291E-2A0B-460D-934E-DC6B0785DB48}") = "SharedProject", "SharedProject\SharedProject.shproj", "{32AFF20F-A24C-464E-8FC3-1800429F9A26}"
EndProject
Global
	GlobalSection(SharedMSBuildProjectFiles) = preSolution
		SharedProject\SharedProject.projitems*{085d89c7-84cb-45e4-afa0-8475eaccc5b4}*SharedItemsImports = 4
		SharedProject\SharedProject.projitems*{32aff20f-a24c-464e-8fc3-1800429f9a26}*SharedItemsImports = 13
	EndGlobalSection
	GlobalSection(SolutionConfigurationPlatforms) = preSolution
		Debug|Any CPU = Debug|Any CPU
		Release|Any CPU = Release|Any CPU
	EndGlobalSection
	GlobalSection(ProjectConfigurationPlatforms) = postSolution
		{085D89C7-84CB-45E4-AFA0-8475EACCC5B4}.Debug|Any CPU.ActiveCfg = Debug|Any CPU
		{085D89C7-84CB-45E4-AFA0-8475EACCC5B4}.Debug|Any CPU.Build.0 = Debug|Any CPU
		{085D89C7-84CB-45E4-AFA0-8475EACCC5B4}.Debug|Any CPU.Deploy.0 = Debug|Any CPU
		{085D89C7-84CB-45E4-AFA0-8475EACCC5B4}.Release|Any CPU.ActiveCfg = Release|Any CPU
		{085D89C7-84CB-45E4-AFA0-8475EACCC5B4}.Release|Any CPU.Build.0 = Release|Any CPU
		{085D89C7-84CB-45E4-AFA0-8475EACCC5B4}.Release|Any CPU.Deploy.0 = Release|Any CPU
	EndGlobalSection
	GlobalSection(SolutionProperties) = preSolution
		HideSolutionNode = FALSE
	EndGlobalSection
EndGlobal
